// !$*UTF8*$!
{
	archiveVersion = 1;
	classes = {
	};
	objectVersion = 56;
	objects = {

/* Begin PBXBuildFile section */
		7E8FE7E72CC5236E007A07DF /* TypeApp.swift in Sources */ = {isa = PBXBuildFile; fileRef = 7E8FE7E62CC5236E007A07DF /* TypeApp.swift */; };
		7E8FE7E92CC5236E007A07DF /* ContentView.swift in Sources */ = {isa = PBXBuildFile; fileRef = 7E8FE7E82CC5236E007A07DF /* ContentView.swift */; };
		7E8FE7ED2CC5236F007A07DF /* Assets.xcassets in Resources */ = {isa = PBXBuildFile; fileRef = 7E8FE7EC2CC5236F007A07DF /* Assets.xcassets */; };
		7E8FE7F02CC5236F007A07DF /* Preview Assets.xcassets in Resources */ = {isa = PBXBuildFile; fileRef = 7E8FE7EF2CC5236F007A07DF /* Preview Assets.xcassets */; };
		7E8FE7FA2CC5236F007A07DF /* TypeTests.swift in Sources */ = {isa = PBXBuildFile; fileRef = 7E8FE7F92CC5236F007A07DF /* TypeTests.swift */; };
		7E8FE8042CC5236F007A07DF /* TypeUITests.swift in Sources */ = {isa = PBXBuildFile; fileRef = 7E8FE8032CC5236F007A07DF /* TypeUITests.swift */; };
		7E8FE8062CC5236F007A07DF /* TypeUITestsLaunchTests.swift in Sources */ = {isa = PBXBuildFile; fileRef = 7E8FE8052CC5236F007A07DF /* TypeUITestsLaunchTests.swift */; };
		7E8FE8152CC523EF007A07DF /* Constants.swift in Sources */ = {isa = PBXBuildFile; fileRef = 7E8FE8142CC523EF007A07DF /* Constants.swift */; };
		7E8FE8172CC52412007A07DF /* SwipeImage.swift in Sources */ = {isa = PBXBuildFile; fileRef = 7E8FE8162CC52412007A07DF /* SwipeImage.swift */; };
		7E8FE8192CC52427007A07DF /* ActionButton.swift in Sources */ = {isa = PBXBuildFile; fileRef = 7E8FE8182CC52427007A07DF /* ActionButton.swift */; };
		7E8FE81B2CC5243C007A07DF /* PrimaryNavBar.swift in Sources */ = {isa = PBXBuildFile; fileRef = 7E8FE81A2CC5243C007A07DF /* PrimaryNavBar.swift */; };
		7E8FE81D2CC52455007A07DF /* SecondaryNavBar.swift in Sources */ = {isa = PBXBuildFile; fileRef = 7E8FE81C2CC52455007A07DF /* SecondaryNavBar.swift */; };
/* End PBXBuildFile section */

/* Begin PBXContainerItemProxy section */
		7E8FE7F62CC5236F007A07DF /* PBXContainerItemProxy */ = {
			isa = PBXContainerItemProxy;
			containerPortal = 7E8FE7DB2CC5236E007A07DF /* Project object */;
			proxyType = 1;
			remoteGlobalIDString = 7E8FE7E22CC5236E007A07DF;
			remoteInfo = Type;
		};
		7E8FE8002CC5236F007A07DF /* PBXContainerItemProxy */ = {
			isa = PBXContainerItemProxy;
			containerPortal = 7E8FE7DB2CC5236E007A07DF /* Project object */;
			proxyType = 1;
			remoteGlobalIDString = 7E8FE7E22CC5236E007A07DF;
			remoteInfo = Type;
		};
/* End PBXContainerItemProxy section */

/* Begin PBXFileReference section */
		7E8FE7E32CC5236E007A07DF /* Type.app */ = {isa = PBXFileReference; explicitFileType = wrapper.application; includeInIndex = 0; path = Type.app; sourceTree = BUILT_PRODUCTS_DIR; };
		7E8FE7E62CC5236E007A07DF /* TypeApp.swift */ = {isa = PBXFileReference; lastKnownFileType = sourcecode.swift; path = TypeApp.swift; sourceTree = "<group>"; };
		7E8FE7E82CC5236E007A07DF /* ContentView.swift */ = {isa = PBXFileReference; lastKnownFileType = sourcecode.swift; path = ContentView.swift; sourceTree = "<group>"; };
		7E8FE7EC2CC5236F007A07DF /* Assets.xcassets */ = {isa = PBXFileReference; lastKnownFileType = folder.assetcatalog; path = Assets.xcassets; sourceTree = "<group>"; };
		7E8FE7EF2CC5236F007A07DF /* Preview Assets.xcassets */ = {isa = PBXFileReference; lastKnownFileType = folder.assetcatalog; path = "Preview Assets.xcassets"; sourceTree = "<group>"; };
		7E8FE7F52CC5236F007A07DF /* TypeTests.xctest */ = {isa = PBXFileReference; explicitFileType = wrapper.cfbundle; includeInIndex = 0; path = TypeTests.xctest; sourceTree = BUILT_PRODUCTS_DIR; };
		7E8FE7F92CC5236F007A07DF /* TypeTests.swift */ = {isa = PBXFileReference; lastKnownFileType = sourcecode.swift; path = TypeTests.swift; sourceTree = "<group>"; };
		7E8FE7FF2CC5236F007A07DF /* TypeUITests.xctest */ = {isa = PBXFileReference; explicitFileType = wrapper.cfbundle; includeInIndex = 0; path = TypeUITests.xctest; sourceTree = BUILT_PRODUCTS_DIR; };
		7E8FE8032CC5236F007A07DF /* TypeUITests.swift */ = {isa = PBXFileReference; lastKnownFileType = sourcecode.swift; path = TypeUITests.swift; sourceTree = "<group>"; };
		7E8FE8052CC5236F007A07DF /* TypeUITestsLaunchTests.swift */ = {isa = PBXFileReference; lastKnownFileType = sourcecode.swift; path = TypeUITestsLaunchTests.swift; sourceTree = "<group>"; };
		7E8FE8142CC523EF007A07DF /* Constants.swift */ = {isa = PBXFileReference; lastKnownFileType = sourcecode.swift; path = Constants.swift; sourceTree = "<group>"; };
		7E8FE8162CC52412007A07DF /* SwipeImage.swift */ = {isa = PBXFileReference; lastKnownFileType = sourcecode.swift; path = SwipeImage.swift; sourceTree = "<group>"; };
		7E8FE8182CC52427007A07DF /* ActionButton.swift */ = {isa = PBXFileReference; lastKnownFileType = sourcecode.swift; path = ActionButton.swift; sourceTree = "<group>"; };
		7E8FE81A2CC5243C007A07DF /* PrimaryNavBar.swift */ = {isa = PBXFileReference; lastKnownFileType = sourcecode.swift; path = PrimaryNavBar.swift; sourceTree = "<group>"; };
		7E8FE81C2CC52455007A07DF /* SecondaryNavBar.swift */ = {isa = PBXFileReference; lastKnownFileType = sourcecode.swift; path = SecondaryNavBar.swift; sourceTree = "<group>"; };
/* End PBXFileReference section */

/* Begin PBXFrameworksBuildPhase section */
		7E8FE7E02CC5236E007A07DF /* Frameworks */ = {
			isa = PBXFrameworksBuildPhase;
			buildActionMask = 2147483647;
			files = (
			);
			runOnlyForDeploymentPostprocessing = 0;
		};
		7E8FE7F22CC5236F007A07DF /* Frameworks */ = {
			isa = PBXFrameworksBuildPhase;
			buildActionMask = 2147483647;
			files = (
			);
			runOnlyForDeploymentPostprocessing = 0;
		};
		7E8FE7FC2CC5236F007A07DF /* Frameworks */ = {
			isa = PBXFrameworksBuildPhase;
			buildActionMask = 2147483647;
			files = (
			);
			runOnlyForDeploymentPostprocessing = 0;
		};
/* End PBXFrameworksBuildPhase section */

/* Begin PBXGroup section */
		7E8FE7DA2CC5236E007A07DF = {
			isa = PBXGroup;
			children = (
				7E8FE7E52CC5236E007A07DF /* Type */,
				7E8FE7F82CC5236F007A07DF /* TypeTests */,
				7E8FE8022CC5236F007A07DF /* TypeUITests */,
				7E8FE7E42CC5236E007A07DF /* Products */,
			);
			sourceTree = "<group>";
		};
		7E8FE7E42CC5236E007A07DF /* Products */ = {
			isa = PBXGroup;
			children = (
				7E8FE7E32CC5236E007A07DF /* Type.app */,
				7E8FE7F52CC5236F007A07DF /* TypeTests.xctest */,
				7E8FE7FF2CC5236F007A07DF /* TypeUITests.xctest */,
			);
			name = Products;
			sourceTree = "<group>";
		};
		7E8FE7E52CC5236E007A07DF /* Type */ = {
			isa = PBXGroup;
			children = (
				7E8FE8132CC523E1007A07DF /* Atoms */,
				7E8FE8122CC523D5007A07DF /* Molecules */,
				7E8FE7E62CC5236E007A07DF /* TypeApp.swift */,
				7E8FE7E82CC5236E007A07DF /* ContentView.swift */,
				7E8FE7EC2CC5236F007A07DF /* Assets.xcassets */,
				7E8FE7EE2CC5236F007A07DF /* Preview Content */,
				7E8FE8142CC523EF007A07DF /* Constants.swift */,
			);
			path = Type;
			sourceTree = "<group>";
		};
		7E8FE7EE2CC5236F007A07DF /* Preview Content */ = {
			isa = PBXGroup;
			children = (
				7E8FE7EF2CC5236F007A07DF /* Preview Assets.xcassets */,
			);
			path = "Preview Content";
			sourceTree = "<group>";
		};
		7E8FE7F82CC5236F007A07DF /* TypeTests */ = {
			isa = PBXGroup;
			children = (
				7E8FE7F92CC5236F007A07DF /* TypeTests.swift */,
			);
			path = TypeTests;
			sourceTree = "<group>";
		};
		7E8FE8022CC5236F007A07DF /* TypeUITests */ = {
			isa = PBXGroup;
			children = (
				7E8FE8032CC5236F007A07DF /* TypeUITests.swift */,
				7E8FE8052CC5236F007A07DF /* TypeUITestsLaunchTests.swift */,
			);
			path = TypeUITests;
			sourceTree = "<group>";
		};
		7E8FE8122CC523D5007A07DF /* Molecules */ = {
			isa = PBXGroup;
			children = (
				7E8FE8162CC52412007A07DF /* SwipeImage.swift */,
			);
			path = Molecules;
			sourceTree = "<group>";
		};
		7E8FE8132CC523E1007A07DF /* Atoms */ = {
			isa = PBXGroup;
			children = (
				7E8FE8182CC52427007A07DF /* ActionButton.swift */,
				7E8FE81A2CC5243C007A07DF /* PrimaryNavBar.swift */,
				7E8FE81C2CC52455007A07DF /* SecondaryNavBar.swift */,
			);
			path = Atoms;
			sourceTree = "<group>";
		};
/* End PBXGroup section */

/* Begin PBXNativeTarget section */
		7E8FE7E22CC5236E007A07DF /* Type */ = {
			isa = PBXNativeTarget;
			buildConfigurationList = 7E8FE8092CC5236F007A07DF /* Build configuration list for PBXNativeTarget "Type" */;
			buildPhases = (
				7E8FE7DF2CC5236E007A07DF /* Sources */,
				7E8FE7E02CC5236E007A07DF /* Frameworks */,
				7E8FE7E12CC5236E007A07DF /* Resources */,
			);
			buildRules = (
			);
			dependencies = (
			);
			name = Type;
			productName = Type;
			productReference = 7E8FE7E32CC5236E007A07DF /* Type.app */;
			productType = "com.apple.product-type.application";
		};
		7E8FE7F42CC5236F007A07DF /* TypeTests */ = {
			isa = PBXNativeTarget;
			buildConfigurationList = 7E8FE80C2CC5236F007A07DF /* Build configuration list for PBXNativeTarget "TypeTests" */;
			buildPhases = (
				7E8FE7F12CC5236F007A07DF /* Sources */,
				7E8FE7F22CC5236F007A07DF /* Frameworks */,
				7E8FE7F32CC5236F007A07DF /* Resources */,
			);
			buildRules = (
			);
			dependencies = (
				7E8FE7F72CC5236F007A07DF /* PBXTargetDependency */,
			);
			name = TypeTests;
			productName = TypeTests;
			productReference = 7E8FE7F52CC5236F007A07DF /* TypeTests.xctest */;
			productType = "com.apple.product-type.bundle.unit-test";
		};
		7E8FE7FE2CC5236F007A07DF /* TypeUITests */ = {
			isa = PBXNativeTarget;
			buildConfigurationList = 7E8FE80F2CC5236F007A07DF /* Build configuration list for PBXNativeTarget "TypeUITests" */;
			buildPhases = (
				7E8FE7FB2CC5236F007A07DF /* Sources */,
				7E8FE7FC2CC5236F007A07DF /* Frameworks */,
				7E8FE7FD2CC5236F007A07DF /* Resources */,
			);
			buildRules = (
			);
			dependencies = (
				7E8FE8012CC5236F007A07DF /* PBXTargetDependency */,
			);
			name = TypeUITests;
			productName = TypeUITests;
			productReference = 7E8FE7FF2CC5236F007A07DF /* TypeUITests.xctest */;
			productType = "com.apple.product-type.bundle.ui-testing";
		};
/* End PBXNativeTarget section */

/* Begin PBXProject section */
		7E8FE7DB2CC5236E007A07DF /* Project object */ = {
			isa = PBXProject;
			attributes = {
				BuildIndependentTargetsInParallel = 1;
				LastSwiftUpdateCheck = 1540;
				LastUpgradeCheck = 1540;
				TargetAttributes = {
					7E8FE7E22CC5236E007A07DF = {
						CreatedOnToolsVersion = 15.4;
					};
					7E8FE7F42CC5236F007A07DF = {
						CreatedOnToolsVersion = 15.4;
						TestTargetID = 7E8FE7E22CC5236E007A07DF;
					};
					7E8FE7FE2CC5236F007A07DF = {
						CreatedOnToolsVersion = 15.4;
						TestTargetID = 7E8FE7E22CC5236E007A07DF;
					};
				};
			};
			buildConfigurationList = 7E8FE7DE2CC5236E007A07DF /* Build configuration list for PBXProject "Type" */;
			compatibilityVersion = "Xcode 14.0";
			developmentRegion = en;
			hasScannedForEncodings = 0;
			knownRegions = (
				en,
				Base,
			);
			mainGroup = 7E8FE7DA2CC5236E007A07DF;
			productRefGroup = 7E8FE7E42CC5236E007A07DF /* Products */;
			projectDirPath = "";
			projectRoot = "";
			targets = (
				7E8FE7E22CC5236E007A07DF /* Type */,
				7E8FE7F42CC5236F007A07DF /* TypeTests */,
				7E8FE7FE2CC5236F007A07DF /* TypeUITests */,
			);
		};
/* End PBXProject section */

/* Begin PBXResourcesBuildPhase section */
		7E8FE7E12CC5236E007A07DF /* Resources */ = {
			isa = PBXResourcesBuildPhase;
			buildActionMask = 2147483647;
			files = (
				7E8FE7F02CC5236F007A07DF /* Preview Assets.xcassets in Resources */,
				7E8FE7ED2CC5236F007A07DF /* Assets.xcassets in Resources */,
			);
			runOnlyForDeploymentPostprocessing = 0;
		};
		7E8FE7F32CC5236F007A07DF /* Resources */ = {
			isa = PBXResourcesBuildPhase;
			buildActionMask = 2147483647;
			files = (
			);
			runOnlyForDeploymentPostprocessing = 0;
		};
		7E8FE7FD2CC5236F007A07DF /* Resources */ = {
			isa = PBXResourcesBuildPhase;
			buildActionMask = 2147483647;
			files = (
			);
			runOnlyForDeploymentPostprocessing = 0;
		};
/* End PBXResourcesBuildPhase section */

/* Begin PBXSourcesBuildPhase section */
		7E8FE7DF2CC5236E007A07DF /* Sources */ = {
			isa = PBXSourcesBuildPhase;
			buildActionMask = 2147483647;
			files = (
				7E8FE7E92CC5236E007A07DF /* ContentView.swift in Sources */,
				7E8FE7E72CC5236E007A07DF /* TypeApp.swift in Sources */,
				7E8FE81B2CC5243C007A07DF /* PrimaryNavBar.swift in Sources */,
				7E8FE81D2CC52455007A07DF /* SecondaryNavBar.swift in Sources */,
				7E8FE8172CC52412007A07DF /* SwipeImage.swift in Sources */,
				7E8FE8152CC523EF007A07DF /* Constants.swift in Sources */,
				7E8FE8192CC52427007A07DF /* ActionButton.swift in Sources */,
			);
			runOnlyForDeploymentPostprocessing = 0;
		};
		7E8FE7F12CC5236F007A07DF /* Sources */ = {
			isa = PBXSourcesBuildPhase;
			buildActionMask = 2147483647;
			files = (
				7E8FE7FA2CC5236F007A07DF /* TypeTests.swift in Sources */,
			);
			runOnlyForDeploymentPostprocessing = 0;
		};
		7E8FE7FB2CC5236F007A07DF /* Sources */ = {
			isa = PBXSourcesBuildPhase;
			buildActionMask = 2147483647;
			files = (
				7E8FE8062CC5236F007A07DF /* TypeUITestsLaunchTests.swift in Sources */,
				7E8FE8042CC5236F007A07DF /* TypeUITests.swift in Sources */,
			);
			runOnlyForDeploymentPostprocessing = 0;
		};
/* End PBXSourcesBuildPhase section */

/* Begin PBXTargetDependency section */
		7E8FE7F72CC5236F007A07DF /* PBXTargetDependency */ = {
			isa = PBXTargetDependency;
			target = 7E8FE7E22CC5236E007A07DF /* Type */;
			targetProxy = 7E8FE7F62CC5236F007A07DF /* PBXContainerItemProxy */;
		};
		7E8FE8012CC5236F007A07DF /* PBXTargetDependency */ = {
			isa = PBXTargetDependency;
			target = 7E8FE7E22CC5236E007A07DF /* Type */;
			targetProxy = 7E8FE8002CC5236F007A07DF /* PBXContainerItemProxy */;
		};
/* End PBXTargetDependency section */

/* Begin XCBuildConfiguration section */
		7E8FE8072CC5236F007A07DF /* Debug */ = {
			isa = XCBuildConfiguration;
			buildSettings = {
				ALWAYS_SEARCH_USER_PATHS = NO;
				ASSETCATALOG_COMPILER_GENERATE_SWIFT_ASSET_SYMBOL_EXTENSIONS = YES;
				CLANG_ANALYZER_NONNULL = YES;
				CLANG_ANALYZER_NUMBER_OBJECT_CONVERSION = YES_AGGRESSIVE;
				CLANG_CXX_LANGUAGE_STANDARD = "gnu++20";
				CLANG_ENABLE_MODULES = YES;
				CLANG_ENABLE_OBJC_ARC = YES;
				CLANG_ENABLE_OBJC_WEAK = YES;
				CLANG_WARN_BLOCK_CAPTURE_AUTORELEASING = YES;
				CLANG_WARN_BOOL_CONVERSION = YES;
				CLANG_WARN_COMMA = YES;
				CLANG_WARN_CONSTANT_CONVERSION = YES;
				CLANG_WARN_DEPRECATED_OBJC_IMPLEMENTATIONS = YES;
				CLANG_WARN_DIRECT_OBJC_ISA_USAGE = YES_ERROR;
				CLANG_WARN_DOCUMENTATION_COMMENTS = YES;
				CLANG_WARN_EMPTY_BODY = YES;
				CLANG_WARN_ENUM_CONVERSION = YES;
				CLANG_WARN_INFINITE_RECURSION = YES;
				CLANG_WARN_INT_CONVERSION = YES;
				CLANG_WARN_NON_LITERAL_NULL_CONVERSION = YES;
				CLANG_WARN_OBJC_IMPLICIT_RETAIN_SELF = YES;
				CLANG_WARN_OBJC_LITERAL_CONVERSION = YES;
				CLANG_WARN_OBJC_ROOT_CLASS = YES_ERROR;
				CLANG_WARN_QUOTED_INCLUDE_IN_FRAMEWORK_HEADER = YES;
				CLANG_WARN_RANGE_LOOP_ANALYSIS = YES;
				CLANG_WARN_STRICT_PROTOTYPES = YES;
				CLANG_WARN_SUSPICIOUS_MOVE = YES;
				CLANG_WARN_UNGUARDED_AVAILABILITY = YES_AGGRESSIVE;
				CLANG_WARN_UNREACHABLE_CODE = YES;
				CLANG_WARN__DUPLICATE_METHOD_MATCH = YES;
				COPY_PHASE_STRIP = NO;
				DEBUG_INFORMATION_FORMAT = dwarf;
				ENABLE_STRICT_OBJC_MSGSEND = YES;
				ENABLE_TESTABILITY = YES;
				ENABLE_USER_SCRIPT_SANDBOXING = YES;
				GCC_C_LANGUAGE_STANDARD = gnu17;
				GCC_DYNAMIC_NO_PIC = NO;
				GCC_NO_COMMON_BLOCKS = YES;
				GCC_OPTIMIZATION_LEVEL = 0;
				GCC_PREPROCESSOR_DEFINITIONS = (
					"DEBUG=1",
					"$(inherited)",
				);
				GCC_WARN_64_TO_32_BIT_CONVERSION = YES;
				GCC_WARN_ABOUT_RETURN_TYPE = YES_ERROR;
				GCC_WARN_UNDECLARED_SELECTOR = YES;
				GCC_WARN_UNINITIALIZED_AUTOS = YES_AGGRESSIVE;
				GCC_WARN_UNUSED_FUNCTION = YES;
				GCC_WARN_UNUSED_VARIABLE = YES;
				IPHONEOS_DEPLOYMENT_TARGET = 17.5;
				LOCALIZATION_PREFERS_STRING_CATALOGS = YES;
				MTL_ENABLE_DEBUG_INFO = INCLUDE_SOURCE;
				MTL_FAST_MATH = YES;
				ONLY_ACTIVE_ARCH = YES;
				SDKROOT = iphoneos;
				SWIFT_ACTIVE_COMPILATION_CONDITIONS = "DEBUG $(inherited)";
				SWIFT_OPTIMIZATION_LEVEL = "-Onone";
			};
			name = Debug;
		};
		7E8FE8082CC5236F007A07DF /* Release */ = {
			isa = XCBuildConfiguration;
			buildSettings = {
				ALWAYS_SEARCH_USER_PATHS = NO;
				ASSETCATALOG_COMPILER_GENERATE_SWIFT_ASSET_SYMBOL_EXTENSIONS = YES;
				CLANG_ANALYZER_NONNULL = YES;
				CLANG_ANALYZER_NUMBER_OBJECT_CONVERSION = YES_AGGRESSIVE;
				CLANG_CXX_LANGUAGE_STANDARD = "gnu++20";
				CLANG_ENABLE_MODULES = YES;
				CLANG_ENABLE_OBJC_ARC = YES;
				CLANG_ENABLE_OBJC_WEAK = YES;
				CLANG_WARN_BLOCK_CAPTURE_AUTORELEASING = YES;
				CLANG_WARN_BOOL_CONVERSION = YES;
				CLANG_WARN_COMMA = YES;
				CLANG_WARN_CONSTANT_CONVERSION = YES;
				CLANG_WARN_DEPRECATED_OBJC_IMPLEMENTATIONS = YES;
				CLANG_WARN_DIRECT_OBJC_ISA_USAGE = YES_ERROR;
				CLANG_WARN_DOCUMENTATION_COMMENTS = YES;
				CLANG_WARN_EMPTY_BODY = YES;
				CLANG_WARN_ENUM_CONVERSION = YES;
				CLANG_WARN_INFINITE_RECURSION = YES;
				CLANG_WARN_INT_CONVERSION = YES;
				CLANG_WARN_NON_LITERAL_NULL_CONVERSION = YES;
				CLANG_WARN_OBJC_IMPLICIT_RETAIN_SELF = YES;
				CLANG_WARN_OBJC_LITERAL_CONVERSION = YES;
				CLANG_WARN_OBJC_ROOT_CLASS = YES_ERROR;
				CLANG_WARN_QUOTED_INCLUDE_IN_FRAMEWORK_HEADER = YES;
				CLANG_WARN_RANGE_LOOP_ANALYSIS = YES;
				CLANG_WARN_STRICT_PROTOTYPES = YES;
				CLANG_WARN_SUSPICIOUS_MOVE = YES;
				CLANG_WARN_UNGUARDED_AVAILABILITY = YES_AGGRESSIVE;
				CLANG_WARN_UNREACHABLE_CODE = YES;
				CLANG_WARN__DUPLICATE_METHOD_MATCH = YES;
				COPY_PHASE_STRIP = NO;
				DEBUG_INFORMATION_FORMAT = "dwarf-with-dsym";
				ENABLE_NS_ASSERTIONS = NO;
				ENABLE_STRICT_OBJC_MSGSEND = YES;
				ENABLE_USER_SCRIPT_SANDBOXING = YES;
				GCC_C_LANGUAGE_STANDARD = gnu17;
				GCC_NO_COMMON_BLOCKS = YES;
				GCC_WARN_64_TO_32_BIT_CONVERSION = YES;
				GCC_WARN_ABOUT_RETURN_TYPE = YES_ERROR;
				GCC_WARN_UNDECLARED_SELECTOR = YES;
				GCC_WARN_UNINITIALIZED_AUTOS = YES_AGGRESSIVE;
				GCC_WARN_UNUSED_FUNCTION = YES;
				GCC_WARN_UNUSED_VARIABLE = YES;
				IPHONEOS_DEPLOYMENT_TARGET = 17.5;
				LOCALIZATION_PREFERS_STRING_CATALOGS = YES;
				MTL_ENABLE_DEBUG_INFO = NO;
				MTL_FAST_MATH = YES;
				SDKROOT = iphoneos;
				SWIFT_COMPILATION_MODE = wholemodule;
				VALIDATE_PRODUCT = YES;
			};
			name = Release;
		};
		7E8FE80A2CC5236F007A07DF /* Debug */ = {
			isa = XCBuildConfiguration;
			buildSettings = {
				ASSETCATALOG_COMPILER_APPICON_NAME = AppIcon;
				ASSETCATALOG_COMPILER_GLOBAL_ACCENT_COLOR_NAME = AccentColor;
				CODE_SIGN_STYLE = Automatic;
				CURRENT_PROJECT_VERSION = 1;
				DEVELOPMENT_ASSET_PATHS = "\"Type/Preview Content\"";
				DEVELOPMENT_TEAM = HWRVV6T8B4;
				ENABLE_PREVIEWS = YES;
				GENERATE_INFOPLIST_FILE = YES;
				INFOPLIST_KEY_UIApplicationSceneManifest_Generation = YES;
				INFOPLIST_KEY_UIApplicationSupportsIndirectInputEvents = YES;
				INFOPLIST_KEY_UILaunchScreen_Generation = YES;
				INFOPLIST_KEY_UISupportedInterfaceOrientations_iPad = "UIInterfaceOrientationPortrait UIInterfaceOrientationPortraitUpsideDown UIInterfaceOrientationLandscapeLeft UIInterfaceOrientationLandscapeRight";
				INFOPLIST_KEY_UISupportedInterfaceOrientations_iPhone = "UIInterfaceOrientationPortrait UIInterfaceOrientationLandscapeLeft UIInterfaceOrientationLandscapeRight";
				LD_RUNPATH_SEARCH_PATHS = (
					"$(inherited)",
					"@executable_path/Frameworks",
				);
				MARKETING_VERSION = 1.0;
				PRODUCT_BUNDLE_IDENTIFIER = com.aamoskekkonen.Type;
				PRODUCT_NAME = "$(TARGET_NAME)";
				SWIFT_EMIT_LOC_STRINGS = YES;
				SWIFT_VERSION = 5.0;
				TARGETED_DEVICE_FAMILY = "1,2";
			};
			name = Debug;
		};
		7E8FE80B2CC5236F007A07DF /* Release */ = {
			isa = XCBuildConfiguration;
			buildSettings = {
				ASSETCATALOG_COMPILER_APPICON_NAME = AppIcon;
				ASSETCATALOG_COMPILER_GLOBAL_ACCENT_COLOR_NAME = AccentColor;
				CODE_SIGN_STYLE = Automatic;
				CURRENT_PROJECT_VERSION = 1;
				DEVELOPMENT_ASSET_PATHS = "\"Type/Preview Content\"";
				DEVELOPMENT_TEAM = HWRVV6T8B4;
				ENABLE_PREVIEWS = YES;
				GENERATE_INFOPLIST_FILE = YES;
				INFOPLIST_KEY_UIApplicationSceneManifest_Generation = YES;
				INFOPLIST_KEY_UIApplicationSupportsIndirectInputEvents = YES;
				INFOPLIST_KEY_UILaunchScreen_Generation = YES;
				INFOPLIST_KEY_UISupportedInterfaceOrientations_iPad = "UIInterfaceOrientationPortrait UIInterfaceOrientationPortraitUpsideDown UIInterfaceOrientationLandscapeLeft UIInterfaceOrientationLandscapeRight";
				INFOPLIST_KEY_UISupportedInterfaceOrientations_iPhone = "UIInterfaceOrientationPortrait UIInterfaceOrientationLandscapeLeft UIInterfaceOrientationLandscapeRight";
				LD_RUNPATH_SEARCH_PATHS = (
					"$(inherited)",
					"@executable_path/Frameworks",
				);
				MARKETING_VERSION = 1.0;
				PRODUCT_BUNDLE_IDENTIFIER = com.aamoskekkonen.Type;
				PRODUCT_NAME = "$(TARGET_NAME)";
				SWIFT_EMIT_LOC_STRINGS = YES;
				SWIFT_VERSION = 5.0;
				TARGETED_DEVICE_FAMILY = "1,2";
			};
			name = Release;
		};
		7E8FE80D2CC5236F007A07DF /* Debug */ = {
			isa = XCBuildConfiguration;
			buildSettings = {
				ALWAYS_EMBED_SWIFT_STANDARD_LIBRARIES = YES;
				BUNDLE_LOADER = "$(TEST_HOST)";
				CODE_SIGN_STYLE = Automatic;
				CURRENT_PROJECT_VERSION = 1;
				DEVELOPMENT_TEAM = HWRVV6T8B4;
				GENERATE_INFOPLIST_FILE = YES;
				IPHONEOS_DEPLOYMENT_TARGET = 17.5;
				MARKETING_VERSION = 1.0;
				PRODUCT_BUNDLE_IDENTIFIER = com.aamoskekkonen.TypeTests;
				PRODUCT_NAME = "$(TARGET_NAME)";
				SWIFT_EMIT_LOC_STRINGS = NO;
				SWIFT_VERSION = 5.0;
				TARGETED_DEVICE_FAMILY = "1,2";
				TEST_HOST = "$(BUILT_PRODUCTS_DIR)/Type.app/$(BUNDLE_EXECUTABLE_FOLDER_PATH)/Type";
			};
			name = Debug;
		};
		7E8FE80E2CC5236F007A07DF /* Release */ = {
			isa = XCBuildConfiguration;
			buildSettings = {
				ALWAYS_EMBED_SWIFT_STANDARD_LIBRARIES = YES;
				BUNDLE_LOADER = "$(TEST_HOST)";
				CODE_SIGN_STYLE = Automatic;
				CURRENT_PROJECT_VERSION = 1;
				DEVELOPMENT_TEAM = HWRVV6T8B4;
				GENERATE_INFOPLIST_FILE = YES;
				IPHONEOS_DEPLOYMENT_TARGET = 17.5;
				MARKETING_VERSION = 1.0;
				PRODUCT_BUNDLE_IDENTIFIER = com.aamoskekkonen.TypeTests;
				PRODUCT_NAME = "$(TARGET_NAME)";
				SWIFT_EMIT_LOC_STRINGS = NO;
				SWIFT_VERSION = 5.0;
				TARGETED_DEVICE_FAMILY = "1,2";
				TEST_HOST = "$(BUILT_PRODUCTS_DIR)/Type.app/$(BUNDLE_EXECUTABLE_FOLDER_PATH)/Type";
			};
			name = Release;
		};
		7E8FE8102CC5236F007A07DF /* Debug */ = {
			isa = XCBuildConfiguration;
			buildSettings = {
				ALWAYS_EMBED_SWIFT_STANDARD_LIBRARIES = YES;
				CODE_SIGN_STYLE = Automatic;
				CURRENT_PROJECT_VERSION = 1;
				DEVELOPMENT_TEAM = HWRVV6T8B4;
				GENERATE_INFOPLIST_FILE = YES;
				MARKETING_VERSION = 1.0;
				PRODUCT_BUNDLE_IDENTIFIER = com.aamoskekkonen.TypeUITests;
				PRODUCT_NAME = "$(TARGET_NAME)";
				SWIFT_EMIT_LOC_STRINGS = NO;
				SWIFT_VERSION = 5.0;
				TARGETED_DEVICE_FAMILY = "1,2";
				TEST_TARGET_NAME = Type;
			};
			name = Debug;
		};
		7E8FE8112CC5236F007A07DF /* Release */ = {
			isa = XCBuildConfiguration;
			buildSettings = {
				ALWAYS_EMBED_SWIFT_STANDARD_LIBRARIES = YES;
				CODE_SIGN_STYLE = Automatic;
				CURRENT_PROJECT_VERSION = 1;
				DEVELOPMENT_TEAM = HWRVV6T8B4;
				GENERATE_INFOPLIST_FILE = YES;
				MARKETING_VERSION = 1.0;
				PRODUCT_BUNDLE_IDENTIFIER = com.aamoskekkonen.TypeUITests;
				PRODUCT_NAME = "$(TARGET_NAME)";
				SWIFT_EMIT_LOC_STRINGS = NO;
				SWIFT_VERSION = 5.0;
				TARGETED_DEVICE_FAMILY = "1,2";
				TEST_TARGET_NAME = Type;
			};
			name = Release;
		};
/* End XCBuildConfiguration section */

/* Begin XCConfigurationList section */
		7E8FE7DE2CC5236E007A07DF /* Build configuration list for PBXProject "Type" */ = {
			isa = XCConfigurationList;
			buildConfigurations = (
				7E8FE8072CC5236F007A07DF /* Debug */,
				7E8FE8082CC5236F007A07DF /* Release */,
			);
			defaultConfigurationIsVisible = 0;
			defaultConfigurationName = Release;
		};
		7E8FE8092CC5236F007A07DF /* Build configuration list for PBXNativeTarget "Type" */ = {
			isa = XCConfigurationList;
			buildConfigurations = (
				7E8FE80A2CC5236F007A07DF /* Debug */,
				7E8FE80B2CC5236F007A07DF /* Release */,
			);
			defaultConfigurationIsVisible = 0;
			defaultConfigurationName = Release;
		};
		7E8FE80C2CC5236F007A07DF /* Build configuration list for PBXNativeTarget "TypeTests" */ = {
			isa = XCConfigurationList;
			buildConfigurations = (
				7E8FE80D2CC5236F007A07DF /* Debug */,
				7E8FE80E2CC5236F007A07DF /* Release */,
			);
			defaultConfigurationIsVisible = 0;
			defaultConfigurationName = Release;
		};
		7E8FE80F2CC5236F007A07DF /* Build configuration list for PBXNativeTarget "TypeUITests" */ = {
			isa = XCConfigurationList;
			buildConfigurations = (
				7E8FE8102CC5236F007A07DF /* Debug */,
				7E8FE8112CC5236F007A07DF /* Release */,
			);
			defaultConfigurationIsVisible = 0;
			defaultConfigurationName = Release;
		};
/* End XCConfigurationList section */
	};
	rootObject = 7E8FE7DB2CC5236E007A07DF /* Project object */;
}
